{
  "name": "metrics2cloudwatch",
  "version": "1.0.0",
  "lockfileVersion": 1,
  "requires": true,
  "dependencies": {
    "system-metrics-formatter": {
      "version": "1.0.9",
      "resolved": "https://registry.npmjs.org/system-metrics-formatter/-/system-metrics-formatter-1.0.9.tgz",
      "integrity": "sha512-EGsC4ucHb9j0VdeeX+nE2KMsGvL1m9W2z2s1KXHUQDynN1rXS6Fe/1R3/HVlYzlvls+9GKUpiQF7Yvtc1PTQqA=="
    }
  }
}
