{
  "name": "metrics2cloudwatch",
  "requires": true,
  "lockfileVersion": 1,
  "dependencies": {
    "system-metrics-formatter": {
      "version": "1.0.3",
      "resolved": "https://registry.npmjs.org/system-metrics-formatter/-/system-metrics-formatter-1.0.3.tgz",
      "integrity": "sha512-BkHCnWbjTDtGmGKeVhUdz9rMD4swk9PbOrSrkmy6UO+a0+FpVdgUubRjXm/1xHOaQTwojsAwOa6s2adgtXD92w=="
    }
  }
}
