{
  "name": "metrics2cloudwatch",
  "requires": true,
  "lockfileVersion": 1,
  "dependencies": {
    "system-metrics-formatter": {
      "version": "1.0.7",
      "resolved": "https://registry.npmjs.org/system-metrics-formatter/-/system-metrics-formatter-1.0.7.tgz",
      "integrity": "sha512-8Bk7nCCKYxnIp40P30qE2uYB9E/xNu7+UGMNGN5piAOI9mL66gMWLAdK8m9Kh5B+hhUj7p4hZCrOqEnn58nQNQ=="
    }
  }
}
